schema: '2.0'
stages:
  data_ingestion:
    cmd: python src/insurance_premium_prediction/pipeline/data_ingestion.py
    deps:
    - path: config/config.yaml
      hash: md5
      md5: a362b1ba7540c9f8be77d6454e5bc9de
      size: 832
    - path: config/secrect.yaml
      hash: md5
      md5: 194fc06e366dab7f70e67390d602aafe
      size: 962
    - path: src/insurance_premium_prediction/pipeline/data_ingestion.py
      hash: md5
      md5: 7e0eb9c8dfd9f46e10a7df67a97b629f
      size: 1275
    outs:
    - path: artifacts/data/data.csv
      hash: md5
      md5: 5a64c6a34169eb73c789fe66d1aaf5d6
      size: 50295
  data_preprocessing:
    cmd: python src/insurance_premium_prediction/pipeline/data_preprocessing.py
    deps:
    - path: config/config.yaml
      hash: md5
      md5: a362b1ba7540c9f8be77d6454e5bc9de
      size: 832
    - path: config/secrect.yaml
      hash: md5
      md5: 194fc06e366dab7f70e67390d602aafe
      size: 962
    - path: src/insurance_premium_prediction/pipeline/data_preprocessing.py
      hash: md5
      md5: bd742a505971d8ca86b53025f6cf4508
      size: 1610
    outs:
    - path: artifacts/processed_data/encoded_metrics.json
      hash: md5
      md5: 86e114774afef2f079f07f2d8f55d99d
      size: 118
    - path: artifacts/processed_data/test.csv
      hash: md5
      md5: 839d8ef00d9e68341af7537700a361be
      size: 9026
    - path: artifacts/processed_data/train.csv
      hash: md5
      md5: dbc3902abe77ba86d362afd3e41181b5
      size: 20947
  model_training:
    cmd: python src/insurance_premium_prediction/pipeline/model_training.py
    deps:
    - path: artifacts/processed_data/test.csv
      hash: md5
      md5: 839d8ef00d9e68341af7537700a361be
      size: 9026
    - path: artifacts/processed_data/train.csv
      hash: md5
      md5: dbc3902abe77ba86d362afd3e41181b5
      size: 20947
    - path: config/config.yaml
      hash: md5
      md5: a362b1ba7540c9f8be77d6454e5bc9de
      size: 832
    - path: config/secrect.yaml
      hash: md5
      md5: 194fc06e366dab7f70e67390d602aafe
      size: 962
    - path: src/insurance_premium_prediction/pipeline/model_training.py
      hash: md5
      md5: 3602a3cd98f481948c9a08fa2307e9b6
      size: 1732
    params:
      params.yaml:
        GradientBoostingRegressor.learning_rate: 0.01
        GradientBoostingRegressor.max_depth: 5
        GradientBoostingRegressor.n_estimators: 600
        GradientBoostingRegressor.random_state: 13
        GradientBoostingRegressor.subsample: 0.41
        RandomForestRegressorParams.bootstrap: true
        RandomForestRegressorParams.max_depth: 5
        RandomForestRegressorParams.max_features: 5
        RandomForestRegressorParams.min_samples_leaf: 3
        RandomForestRegressorParams.min_samples_split: 5
        RandomForestRegressorParams.n_estimators: 400
        RandomForestRegressorParams.random_state: 13
    outs:
    - path: artifacts/model/model.joblib
      hash: md5
      md5: dc054b11212154f5dd7b7b8569ca6dee
      size: 1865537
    - path: artifacts/model/model_params.json
      hash: md5
      md5: adf4895cbbac214208a42940c4da38ab
      size: 297
  model_evaluation:
    cmd: python src/insurance_premium_prediction/pipeline/model_evaluation.py
    deps:
    - path: artifacts/model/model.joblib
      hash: md5
      md5: dc054b11212154f5dd7b7b8569ca6dee
      size: 1865537
    - path: artifacts/model/model_params.json
      hash: md5
      md5: adf4895cbbac214208a42940c4da38ab
      size: 297
    - path: config/config.yaml
      hash: md5
      md5: a362b1ba7540c9f8be77d6454e5bc9de
      size: 832
    - path: config/secrect.yaml
      hash: md5
      md5: 194fc06e366dab7f70e67390d602aafe
      size: 962
    - path: src/insurance_premium_prediction/pipeline/model_evaluation.py
      hash: md5
      md5: 614b06b6dbae9ecae1af95232e60d7da
      size: 1719
    params:
      params.yaml:
        GradientBoostingRegressor.learning_rate: 0.01
        GradientBoostingRegressor.max_depth: 5
        GradientBoostingRegressor.n_estimators: 600
        GradientBoostingRegressor.random_state: 13
        GradientBoostingRegressor.subsample: 0.41
        RandomForestRegressorParams.bootstrap: true
        RandomForestRegressorParams.max_depth: 5
        RandomForestRegressorParams.max_features: 5
        RandomForestRegressorParams.min_samples_leaf: 3
        RandomForestRegressorParams.min_samples_split: 5
        RandomForestRegressorParams.n_estimators: 400
        RandomForestRegressorParams.random_state: 13
    outs:
    - path: artifacts/report/performace_report.json
      hash: md5
      md5: 7651e4873e596fa28c87a6a1ff8893b7
      size: 363
